<?xml version="1.0" encoding="utf-8"?>
<Project ToolsVersion="4.0" xmlns="http://schemas.microsoft.com/developer/msbuild/2003">
  <ItemGroup>
    <ClInclude Include="pch.h">
      <Filter>header</Filter>
    </ClInclude>
    <ClInclude Include="F:\CSGO\math\math.hpp">
      <Filter>header</Filter>
    </ClInclude>
    <ClInclude Include="framework.h">
      <Filter>header</Filter>
    </ClInclude>
  </ItemGroup>
  <ItemGroup>
    <Filter Include="header">
      <UniqueIdentifier>{9f99a9ca-ff61-463a-a10f-111b1274a41e}</UniqueIdentifier>
    </Filter>
    <Filter Include="src">
      <UniqueIdentifier>{59f1dc36-6a3b-4922-8ff0-10f09ff26ad5}</UniqueIdentifier>
    </Filter>
  </ItemGroup>
  <ItemGroup>
    <ClCompile Include="dllmain.cpp">
      <Filter>src</Filter>
    </ClCompile>
    <ClCompile Include="pch.cpp">
      <Filter>src</Filter>
    </ClCompile>
  </ItemGroup>
</Project>